
Microsoft Visual Studio Solution File, Format Version 12.00
# Visual Studio Version 16
VisualStudioVersion = 16.0.32407.337
MinimumVisualStudioVersion = 10.0.40219.1
Project("{FAE04EC0-301F-11D3-BF4B-00C04F79EFBC}") = "Lab2", "Lab2\Lab2.csproj", "{CC617F8C-B21C-48FF-9857-C237263AF3B2}"
EndProject
Global
	GlobalSection(SolutionConfigurationPlatforms) = preSolution
		Debug|Any CPU = Debug|Any CPU
		Release|Any CPU = Release|Any CPU
	EndGlobalSection
	GlobalSection(ProjectConfigurationPlatforms) = postSolution
		{CC617F8C-B21C-48FF-9857-C237263AF3B2}.Debug|Any CPU.ActiveCfg = Debug|Any CPU
		{CC617F8C-B21C-48FF-9857-C237263AF3B2}.Debug|Any CPU.Build.0 = Debug|Any CPU
		{CC617F8C-B21C-48FF-9857-C237263AF3B2}.Release|Any CPU.ActiveCfg = Release|Any CPU
		{CC617F8C-B21C-48FF-9857-C237263AF3B2}.Release|Any CPU.Build.0 = Release|Any CPU
	EndGlobalSection
	GlobalSection(SolutionProperties) = preSolution
		HideSolutionNode = FALSE
	EndGlobalSection
	GlobalSection(ExtensibilityGlobals) = postSolution
		SolutionGuid = {3E2612CB-A1A0-4332-B74D-BBBB1007E4F4}
	EndGlobalSection
EndGlobal
